
Microsoft Visual Studio Solution File, Format Version 12.00
# Visual Studio Version 16
VisualStudioVersion = 16.0.31112.23
MinimumVisualStudioVersion = 10.0.40219.1
Project("{8BC9CEB8-8B4A-11D0-8D11-00A0C91BC942}") = "Sandbox", "Sandbox\Sandbox.vcxproj", "{BA91D675-5B4F-4BEA-9F82-4AD5A34C53AF}"
EndProject
Project("{8BC9CEB8-8B4A-11D0-8D11-00A0C91BC942}") = "RealEngine", "RealEngine\RealEngine.vcxproj", "{8729B30A-221B-40FC-B35B-62C4F951A337}"
EndProject
Global
	GlobalSection(SolutionConfigurationPlatforms) = preSolution
		Debug|x64 = Debug|x64
		Release|x64 = Release|x64
	EndGlobalSection
	GlobalSection(ProjectConfigurationPlatforms) = postSolution
		{8729B30A-221B-40FC-B35B-62C4F951A337}.Debug|x64.ActiveCfg = Debug|x64
		{8729B30A-221B-40FC-B35B-62C4F951A337}.Debug|x64.Build.0 = Debug|x64
		{8729B30A-221B-40FC-B35B-62C4F951A337}.Release|x64.ActiveCfg = Release|x64
		{8729B30A-221B-40FC-B35B-62C4F951A337}.Release|x64.Build.0 = Release|x64
		{BA91D675-5B4F-4BEA-9F82-4AD5A34C53AF}.Debug|x64.ActiveCfg = Debug|x64
		{BA91D675-5B4F-4BEA-9F82-4AD5A34C53AF}.Debug|x64.Build.0 = Debug|x64
		{BA91D675-5B4F-4BEA-9F82-4AD5A34C53AF}.Release|x64.ActiveCfg = Release|x64
		{BA91D675-5B4F-4BEA-9F82-4AD5A34C53AF}.Release|x64.Build.0 = Release|x64
	EndGlobalSection
	GlobalSection(SolutionProperties) = preSolution
		HideSolutionNode = FALSE
	EndGlobalSection
	GlobalSection(ExtensibilityGlobals) = postSolution
		SolutionGuid = {106A0AB9-807C-4E67-835F-B3FEF57FF29C}
	EndGlobalSection
EndGlobal
